// !$*UTF8*$!
{
	archiveVersion = 1;
	classes = {
	};
	objectVersion = 77;
	objects = {

/* Begin PBXContainerItemProxy section */
		8AF1C1502CD3C03B002C90D1 /* PBXContainerItemProxy */ = {
			isa = PBXContainerItemProxy;
			containerPortal = 8AF1C1372CD3C038002C90D1 /* Project object */;
			proxyType = 1;
			remoteGlobalIDString = 8AF1C13E2CD3C038002C90D1;
			remoteInfo = FoodDectection;
		};
		8AF1C15A2CD3C03B002C90D1 /* PBXContainerItemProxy */ = {
			isa = PBXContainerItemProxy;
			containerPortal = 8AF1C1372CD3C038002C90D1 /* Project object */;
			proxyType = 1;
			remoteGlobalIDString = 8AF1C13E2CD3C038002C90D1;
			remoteInfo = FoodDectection;
		};
/* End PBXContainerItemProxy section */

/* Begin PBXFileReference section */
		8AF1C13F2CD3C038002C90D1 /* FoodDectection.app */ = {isa = PBXFileReference; explicitFileType = wrapper.application; includeInIndex = 0; path = FoodDectection.app; sourceTree = BUILT_PRODUCTS_DIR; };
		8AF1C14F2CD3C03B002C90D1 /* FoodDectectionTests.xctest */ = {isa = PBXFileReference; explicitFileType = wrapper.cfbundle; includeInIndex = 0; path = FoodDectectionTests.xctest; sourceTree = BUILT_PRODUCTS_DIR; };
		8AF1C1592CD3C03B002C90D1 /* FoodDectectionUITests.xctest */ = {isa = PBXFileReference; explicitFileType = wrapper.cfbundle; includeInIndex = 0; path = FoodDectectionUITests.xctest; sourceTree = BUILT_PRODUCTS_DIR; };
/* End PBXFileReference section */

/* Begin PBXFileSystemSynchronizedRootGroup section */
		8AF1C1412CD3C038002C90D1 /* FoodDectection */ = {
			isa = PBXFileSystemSynchronizedRootGroup;
			path = FoodDectection;
			sourceTree = "<group>";
		};
		8AF1C1522CD3C03B002C90D1 /* FoodDectectionTests */ = {
			isa = PBXFileSystemSynchronizedRootGroup;
			path = FoodDectectionTests;
			sourceTree = "<group>";
		};
		8AF1C15C2CD3C03B002C90D1 /* FoodDectectionUITests */ = {
			isa = PBXFileSystemSynchronizedRootGroup;
			path = FoodDectectionUITests;
			sourceTree = "<group>";
		};
/* End PBXFileSystemSynchronizedRootGroup section */

/* Begin PBXFrameworksBuildPhase section */
		8AF1C13C2CD3C038002C90D1 /* Frameworks */ = {
			isa = PBXFrameworksBuildPhase;
			buildActionMask = 2147483647;
			files = (
			);
			runOnlyForDeploymentPostprocessing = 0;
		};
		8AF1C14C2CD3C03B002C90D1 /* Frameworks */ = {
			isa = PBXFrameworksBuildPhase;
			buildActionMask = 2147483647;
			files = (
			);
			runOnlyForDeploymentPostprocessing = 0;
		};
		8AF1C1562CD3C03B002C90D1 /* Frameworks */ = {
			isa = PBXFrameworksBuildPhase;
			buildActionMask = 2147483647;
			files = (
			);
			runOnlyForDeploymentPostprocessing = 0;
		};
/* End PBXFrameworksBuildPhase section */

/* Begin PBXGroup section */
		8AF1C1362CD3C038002C90D1 = {
			isa = PBXGroup;
			children = (
				8AF1C1412CD3C038002C90D1 /* FoodDectection */,
				8AF1C1522CD3C03B002C90D1 /* FoodDectectionTests */,
				8AF1C15C2CD3C03B002C90D1 /* FoodDectectionUITests */,
				8AF1C1402CD3C038002C90D1 /* Products */,
			);
			sourceTree = "<group>";
		};
		8AF1C1402CD3C038002C90D1 /* Products */ = {
			isa = PBXGroup;
			children = (
				8AF1C13F2CD3C038002C90D1 /* FoodDectection.app */,
				8AF1C14F2CD3C03B002C90D1 /* FoodDectectionTests.xctest */,
				8AF1C1592CD3C03B002C90D1 /* FoodDectectionUITests.xctest */,
			);
			name = Products;
			sourceTree = "<group>";
		};
/* End PBXGroup section */

/* Begin PBXNativeTarget section */
		8AF1C13E2CD3C038002C90D1 /* FoodDectection */ = {
			isa = PBXNativeTarget;
			buildConfigurationList = 8AF1C1632CD3C03B002C90D1 /* Build configuration list for PBXNativeTarget "FoodDectection" */;
			buildPhases = (
				8AF1C13B2CD3C038002C90D1 /* Sources */,
				8AF1C13C2CD3C038002C90D1 /* Frameworks */,
				8AF1C13D2CD3C038002C90D1 /* Resources */,
			);
			buildRules = (
			);
			dependencies = (
			);
			fileSystemSynchronizedGroups = (
				8AF1C1412CD3C038002C90D1 /* FoodDectection */,
			);
			name = FoodDectection;
			packageProductDependencies = (
			);
			productName = FoodDectection;
			productReference = 8AF1C13F2CD3C038002C90D1 /* FoodDectection.app */;
			productType = "com.apple.product-type.application";
		};
		8AF1C14E2CD3C03B002C90D1 /* FoodDectectionTests */ = {
			isa = PBXNativeTarget;
			buildConfigurationList = 8AF1C1662CD3C03B002C90D1 /* Build configuration list for PBXNativeTarget "FoodDectectionTests" */;
			buildPhases = (
				8AF1C14B2CD3C03B002C90D1 /* Sources */,
				8AF1C14C2CD3C03B002C90D1 /* Frameworks */,
				8AF1C14D2CD3C03B002C90D1 /* Resources */,
			);
			buildRules = (
			);
			dependencies = (
				8AF1C1512CD3C03B002C90D1 /* PBXTargetDependency */,
			);
			fileSystemSynchronizedGroups = (
				8AF1C1522CD3C03B002C90D1 /* FoodDectectionTests */,
			);
			name = FoodDectectionTests;
			packageProductDependencies = (
			);
			productName = FoodDectectionTests;
			productReference = 8AF1C14F2CD3C03B002C90D1 /* FoodDectectionTests.xctest */;
			productType = "com.apple.product-type.bundle.unit-test";
		};
		8AF1C1582CD3C03B002C90D1 /* FoodDectectionUITests */ = {
			isa = PBXNativeTarget;
			buildConfigurationList = 8AF1C1692CD3C03B002C90D1 /* Build configuration list for PBXNativeTarget "FoodDectectionUITests" */;
			buildPhases = (
				8AF1C1552CD3C03B002C90D1 /* Sources */,
				8AF1C1562CD3C03B002C90D1 /* Frameworks */,
				8AF1C1572CD3C03B002C90D1 /* Resources */,
			);
			buildRules = (
			);
			dependencies = (
				8AF1C15B2CD3C03B002C90D1 /* PBXTargetDependency */,
			);
			fileSystemSynchronizedGroups = (
				8AF1C15C2CD3C03B002C90D1 /* FoodDectectionUITests */,
			);
			name = FoodDectectionUITests;
			packageProductDependencies = (
			);
			productName = FoodDectectionUITests;
			productReference = 8AF1C1592CD3C03B002C90D1 /* FoodDectectionUITests.xctest */;
			productType = "com.apple.product-type.bundle.ui-testing";
		};
/* End PBXNativeTarget section */

/* Begin PBXProject section */
		8AF1C1372CD3C038002C90D1 /* Project object */ = {
			isa = PBXProject;
			attributes = {
				BuildIndependentTargetsInParallel = 1;
				LastSwiftUpdateCheck = 1610;
				LastUpgradeCheck = 1610;
				TargetAttributes = {
					8AF1C13E2CD3C038002C90D1 = {
						CreatedOnToolsVersion = 16.1;
					};
					8AF1C14E2CD3C03B002C90D1 = {
						CreatedOnToolsVersion = 16.1;
						TestTargetID = 8AF1C13E2CD3C038002C90D1;
					};
					8AF1C1582CD3C03B002C90D1 = {
						CreatedOnToolsVersion = 16.1;
						TestTargetID = 8AF1C13E2CD3C038002C90D1;
					};
				};
			};
			buildConfigurationList = 8AF1C13A2CD3C038002C90D1 /* Build configuration list for PBXProject "FoodDectection" */;
			developmentRegion = en;
			hasScannedForEncodings = 0;
			knownRegions = (
				en,
				Base,
			);
			mainGroup = 8AF1C1362CD3C038002C90D1;
			minimizedProjectReferenceProxies = 1;
			preferredProjectObjectVersion = 77;
			productRefGroup = 8AF1C1402CD3C038002C90D1 /* Products */;
			projectDirPath = "";
			projectRoot = "";
			targets = (
				8AF1C13E2CD3C038002C90D1 /* FoodDectection */,
				8AF1C14E2CD3C03B002C90D1 /* FoodDectectionTests */,
				8AF1C1582CD3C03B002C90D1 /* FoodDectectionUITests */,
			);
		};
/* End PBXProject section */

/* Begin PBXResourcesBuildPhase section */
		8AF1C13D2CD3C038002C90D1 /* Resources */ = {
			isa = PBXResourcesBuildPhase;
			buildActionMask = 2147483647;
			files = (
			);
			runOnlyForDeploymentPostprocessing = 0;
		};
		8AF1C14D2CD3C03B002C90D1 /* Resources */ = {
			isa = PBXResourcesBuildPhase;
			buildActionMask = 2147483647;
			files = (
			);
			runOnlyForDeploymentPostprocessing = 0;
		};
		8AF1C1572CD3C03B002C90D1 /* Resources */ = {
			isa = PBXResourcesBuildPhase;
			buildActionMask = 2147483647;
			files = (
			);
			runOnlyForDeploymentPostprocessing = 0;
		};
/* End PBXResourcesBuildPhase section */

/* Begin PBXSourcesBuildPhase section */
		8AF1C13B2CD3C038002C90D1 /* Sources */ = {
			isa = PBXSourcesBuildPhase;
			buildActionMask = 2147483647;
			files = (
			);
			runOnlyForDeploymentPostprocessing = 0;
		};
		8AF1C14B2CD3C03B002C90D1 /* Sources */ = {
			isa = PBXSourcesBuildPhase;
			buildActionMask = 2147483647;
			files = (
			);
			runOnlyForDeploymentPostprocessing = 0;
		};
		8AF1C1552CD3C03B002C90D1 /* Sources */ = {
			isa = PBXSourcesBuildPhase;
			buildActionMask = 2147483647;
			files = (
			);
			runOnlyForDeploymentPostprocessing = 0;
		};
/* End PBXSourcesBuildPhase section */

/* Begin PBXTargetDependency section */
		8AF1C1512CD3C03B002C90D1 /* PBXTargetDependency */ = {
			isa = PBXTargetDependency;
			target = 8AF1C13E2CD3C038002C90D1 /* FoodDectection */;
			targetProxy = 8AF1C1502CD3C03B002C90D1 /* PBXContainerItemProxy */;
		};
		8AF1C15B2CD3C03B002C90D1 /* PBXTargetDependency */ = {
			isa = PBXTargetDependency;
			target = 8AF1C13E2CD3C038002C90D1 /* FoodDectection */;
			targetProxy = 8AF1C15A2CD3C03B002C90D1 /* PBXContainerItemProxy */;
		};
/* End PBXTargetDependency section */

/* Begin XCBuildConfiguration section */
		8AF1C1612CD3C03B002C90D1 /* Debug */ = {
			isa = XCBuildConfiguration;
			buildSettings = {
				ALWAYS_SEARCH_USER_PATHS = NO;
				ASSETCATALOG_COMPILER_GENERATE_SWIFT_ASSET_SYMBOL_EXTENSIONS = YES;
				CLANG_ANALYZER_NONNULL = YES;
				CLANG_ANALYZER_NUMBER_OBJECT_CONVERSION = YES_AGGRESSIVE;
				CLANG_CXX_LANGUAGE_STANDARD = "gnu++20";
				CLANG_ENABLE_MODULES = YES;
				CLANG_ENABLE_OBJC_ARC = YES;
				CLANG_ENABLE_OBJC_WEAK = YES;
				CLANG_WARN_BLOCK_CAPTURE_AUTORELEASING = YES;
				CLANG_WARN_BOOL_CONVERSION = YES;
				CLANG_WARN_COMMA = YES;
				CLANG_WARN_CONSTANT_CONVERSION = YES;
				CLANG_WARN_DEPRECATED_OBJC_IMPLEMENTATIONS = YES;
				CLANG_WARN_DIRECT_OBJC_ISA_USAGE = YES_ERROR;
				CLANG_WARN_DOCUMENTATION_COMMENTS = YES;
				CLANG_WARN_EMPTY_BODY = YES;
				CLANG_WARN_ENUM_CONVERSION = YES;
				CLANG_WARN_INFINITE_RECURSION = YES;
				CLANG_WARN_INT_CONVERSION = YES;
				CLANG_WARN_NON_LITERAL_NULL_CONVERSION = YES;
				CLANG_WARN_OBJC_IMPLICIT_RETAIN_SELF = YES;
				CLANG_WARN_OBJC_LITERAL_CONVERSION = YES;
				CLANG_WARN_OBJC_ROOT_CLASS = YES_ERROR;
				CLANG_WARN_QUOTED_INCLUDE_IN_FRAMEWORK_HEADER = YES;
				CLANG_WARN_RANGE_LOOP_ANALYSIS = YES;
				CLANG_WARN_STRICT_PROTOTYPES = YES;
				CLANG_WARN_SUSPICIOUS_MOVE = YES;
				CLANG_WARN_UNGUARDED_AVAILABILITY = YES_AGGRESSIVE;
				CLANG_WARN_UNREACHABLE_CODE = YES;
				CLANG_WARN__DUPLICATE_METHOD_MATCH = YES;
				COPY_PHASE_STRIP = NO;
				DEBUG_INFORMATION_FORMAT = dwarf;
				ENABLE_STRICT_OBJC_MSGSEND = YES;
				ENABLE_TESTABILITY = YES;
				ENABLE_USER_SCRIPT_SANDBOXING = YES;
				GCC_C_LANGUAGE_STANDARD = gnu17;
				GCC_DYNAMIC_NO_PIC = NO;
				GCC_NO_COMMON_BLOCKS = YES;
				GCC_OPTIMIZATION_LEVEL = 0;
				GCC_PREPROCESSOR_DEFINITIONS = (
					"DEBUG=1",
					"$(inherited)",
				);
				GCC_WARN_64_TO_32_BIT_CONVERSION = YES;
				GCC_WARN_ABOUT_RETURN_TYPE = YES_ERROR;
				GCC_WARN_UNDECLARED_SELECTOR = YES;
				GCC_WARN_UNINITIALIZED_AUTOS = YES_AGGRESSIVE;
				GCC_WARN_UNUSED_FUNCTION = YES;
				GCC_WARN_UNUSED_VARIABLE = YES;
				IPHONEOS_DEPLOYMENT_TARGET = 18.1;
				LOCALIZATION_PREFERS_STRING_CATALOGS = YES;
				MTL_ENABLE_DEBUG_INFO = INCLUDE_SOURCE;
				MTL_FAST_MATH = YES;
				ONLY_ACTIVE_ARCH = YES;
				SDKROOT = iphoneos;
				SWIFT_ACTIVE_COMPILATION_CONDITIONS = "DEBUG $(inherited)";
				SWIFT_OPTIMIZATION_LEVEL = "-Onone";
			};
			name = Debug;
		};
		8AF1C1622CD3C03B002C90D1 /* Release */ = {
			isa = XCBuildConfiguration;
			buildSettings = {
				ALWAYS_SEARCH_USER_PATHS = NO;
				ASSETCATALOG_COMPILER_GENERATE_SWIFT_ASSET_SYMBOL_EXTENSIONS = YES;
				CLANG_ANALYZER_NONNULL = YES;
				CLANG_ANALYZER_NUMBER_OBJECT_CONVERSION = YES_AGGRESSIVE;
				CLANG_CXX_LANGUAGE_STANDARD = "gnu++20";
				CLANG_ENABLE_MODULES = YES;
				CLANG_ENABLE_OBJC_ARC = YES;
				CLANG_ENABLE_OBJC_WEAK = YES;
				CLANG_WARN_BLOCK_CAPTURE_AUTORELEASING = YES;
				CLANG_WARN_BOOL_CONVERSION = YES;
				CLANG_WARN_COMMA = YES;
				CLANG_WARN_CONSTANT_CONVERSION = YES;
				CLANG_WARN_DEPRECATED_OBJC_IMPLEMENTATIONS = YES;
				CLANG_WARN_DIRECT_OBJC_ISA_USAGE = YES_ERROR;
				CLANG_WARN_DOCUMENTATION_COMMENTS = YES;
				CLANG_WARN_EMPTY_BODY = YES;
				CLANG_WARN_ENUM_CONVERSION = YES;
				CLANG_WARN_INFINITE_RECURSION = YES;
				CLANG_WARN_INT_CONVERSION = YES;
				CLANG_WARN_NON_LITERAL_NULL_CONVERSION = YES;
				CLANG_WARN_OBJC_IMPLICIT_RETAIN_SELF = YES;
				CLANG_WARN_OBJC_LITERAL_CONVERSION = YES;
				CLANG_WARN_OBJC_ROOT_CLASS = YES_ERROR;
				CLANG_WARN_QUOTED_INCLUDE_IN_FRAMEWORK_HEADER = YES;
				CLANG_WARN_RANGE_LOOP_ANALYSIS = YES;
				CLANG_WARN_STRICT_PROTOTYPES = YES;
				CLANG_WARN_SUSPICIOUS_MOVE = YES;
				CLANG_WARN_UNGUARDED_AVAILABILITY = YES_AGGRESSIVE;
				CLANG_WARN_UNREACHABLE_CODE = YES;
				CLANG_WARN__DUPLICATE_METHOD_MATCH = YES;
				COPY_PHASE_STRIP = NO;
				DEBUG_INFORMATION_FORMAT = "dwarf-with-dsym";
				ENABLE_NS_ASSERTIONS = NO;
				ENABLE_STRICT_OBJC_MSGSEND = YES;
				ENABLE_USER_SCRIPT_SANDBOXING = YES;
				GCC_C_LANGUAGE_STANDARD = gnu17;
				GCC_NO_COMMON_BLOCKS = YES;
				GCC_WARN_64_TO_32_BIT_CONVERSION = YES;
				GCC_WARN_ABOUT_RETURN_TYPE = YES_ERROR;
				GCC_WARN_UNDECLARED_SELECTOR = YES;
				GCC_WARN_UNINITIALIZED_AUTOS = YES_AGGRESSIVE;
				GCC_WARN_UNUSED_FUNCTION = YES;
				GCC_WARN_UNUSED_VARIABLE = YES;
				IPHONEOS_DEPLOYMENT_TARGET = 18.1;
				LOCALIZATION_PREFERS_STRING_CATALOGS = YES;
				MTL_ENABLE_DEBUG_INFO = NO;
				MTL_FAST_MATH = YES;
				SDKROOT = iphoneos;
				SWIFT_COMPILATION_MODE = wholemodule;
				VALIDATE_PRODUCT = YES;
			};
			name = Release;
		};
		8AF1C1642CD3C03B002C90D1 /* Debug */ = {
			isa = XCBuildConfiguration;
			buildSettings = {
				ASSETCATALOG_COMPILER_APPICON_NAME = AppIcon;
				ASSETCATALOG_COMPILER_GLOBAL_ACCENT_COLOR_NAME = AccentColor;
				CODE_SIGN_STYLE = Automatic;
				CURRENT_PROJECT_VERSION = 1;
				DEVELOPMENT_ASSET_PATHS = "\"FoodDectection/Preview Content\"";
				ENABLE_PREVIEWS = YES;
				GENERATE_INFOPLIST_FILE = YES;
				INFOPLIST_KEY_UIApplicationSceneManifest_Generation = YES;
				INFOPLIST_KEY_UIApplicationSupportsIndirectInputEvents = YES;
				INFOPLIST_KEY_UILaunchScreen_Generation = YES;
				INFOPLIST_KEY_UISupportedInterfaceOrientations_iPad = "UIInterfaceOrientationPortrait UIInterfaceOrientationPortraitUpsideDown UIInterfaceOrientationLandscapeLeft UIInterfaceOrientationLandscapeRight";
				INFOPLIST_KEY_UISupportedInterfaceOrientations_iPhone = "UIInterfaceOrientationPortrait UIInterfaceOrientationLandscapeLeft UIInterfaceOrientationLandscapeRight";
				LD_RUNPATH_SEARCH_PATHS = (
					"$(inherited)",
					"@executable_path/Frameworks",
				);
				MARKETING_VERSION = 1.0;
				PRODUCT_BUNDLE_IDENTIFIER = NA.FoodDectection;
				PRODUCT_NAME = "$(TARGET_NAME)";
				SWIFT_EMIT_LOC_STRINGS = YES;
				SWIFT_VERSION = 5.0;
				TARGETED_DEVICE_FAMILY = "1,2";
			};
			name = Debug;
		};
		8AF1C1652CD3C03B002C90D1 /* Release */ = {
			isa = XCBuildConfiguration;
			buildSettings = {
				ASSETCATALOG_COMPILER_APPICON_NAME = AppIcon;
				ASSETCATALOG_COMPILER_GLOBAL_ACCENT_COLOR_NAME = AccentColor;
				CODE_SIGN_STYLE = Automatic;
				CURRENT_PROJECT_VERSION = 1;
				DEVELOPMENT_ASSET_PATHS = "\"FoodDectection/Preview Content\"";
				ENABLE_PREVIEWS = YES;
				GENERATE_INFOPLIST_FILE = YES;
				INFOPLIST_KEY_UIApplicationSceneManifest_Generation = YES;
				INFOPLIST_KEY_UIApplicationSupportsIndirectInputEvents = YES;
				INFOPLIST_KEY_UILaunchScreen_Generation = YES;
				INFOPLIST_KEY_UISupportedInterfaceOrientations_iPad = "UIInterfaceOrientationPortrait UIInterfaceOrientationPortraitUpsideDown UIInterfaceOrientationLandscapeLeft UIInterfaceOrientationLandscapeRight";
				INFOPLIST_KEY_UISupportedInterfaceOrientations_iPhone = "UIInterfaceOrientationPortrait UIInterfaceOrientationLandscapeLeft UIInterfaceOrientationLandscapeRight";
				LD_RUNPATH_SEARCH_PATHS = (
					"$(inherited)",
					"@executable_path/Frameworks",
				);
				MARKETING_VERSION = 1.0;
				PRODUCT_BUNDLE_IDENTIFIER = NA.FoodDectection;
				PRODUCT_NAME = "$(TARGET_NAME)";
				SWIFT_EMIT_LOC_STRINGS = YES;
				SWIFT_VERSION = 5.0;
				TARGETED_DEVICE_FAMILY = "1,2";
			};
			name = Release;
		};
		8AF1C1672CD3C03B002C90D1 /* Debug */ = {
			isa = XCBuildConfiguration;
			buildSettings = {
				BUNDLE_LOADER = "$(TEST_HOST)";
				CODE_SIGN_STYLE = Automatic;
				CURRENT_PROJECT_VERSION = 1;
				GENERATE_INFOPLIST_FILE = YES;
				IPHONEOS_DEPLOYMENT_TARGET = 18.1;
				MARKETING_VERSION = 1.0;
				PRODUCT_BUNDLE_IDENTIFIER = NA.FoodDectectionTests;
				PRODUCT_NAME = "$(TARGET_NAME)";
				SWIFT_EMIT_LOC_STRINGS = NO;
				SWIFT_VERSION = 5.0;
				TARGETED_DEVICE_FAMILY = "1,2";
				TEST_HOST = "$(BUILT_PRODUCTS_DIR)/FoodDectection.app/$(BUNDLE_EXECUTABLE_FOLDER_PATH)/FoodDectection";
			};
			name = Debug;
		};
		8AF1C1682CD3C03B002C90D1 /* Release */ = {
			isa = XCBuildConfiguration;
			buildSettings = {
				BUNDLE_LOADER = "$(TEST_HOST)";
				CODE_SIGN_STYLE = Automatic;
				CURRENT_PROJECT_VERSION = 1;
				GENERATE_INFOPLIST_FILE = YES;
				IPHONEOS_DEPLOYMENT_TARGET = 18.1;
				MARKETING_VERSION = 1.0;
				PRODUCT_BUNDLE_IDENTIFIER = NA.FoodDectectionTests;
				PRODUCT_NAME = "$(TARGET_NAME)";
				SWIFT_EMIT_LOC_STRINGS = NO;
				SWIFT_VERSION = 5.0;
				TARGETED_DEVICE_FAMILY = "1,2";
				TEST_HOST = "$(BUILT_PRODUCTS_DIR)/FoodDectection.app/$(BUNDLE_EXECUTABLE_FOLDER_PATH)/FoodDectection";
			};
			name = Release;
		};
		8AF1C16A2CD3C03B002C90D1 /* Debug */ = {
			isa = XCBuildConfiguration;
			buildSettings = {
				CODE_SIGN_STYLE = Automatic;
				CURRENT_PROJECT_VERSION = 1;
				GENERATE_INFOPLIST_FILE = YES;
				MARKETING_VERSION = 1.0;
				PRODUCT_BUNDLE_IDENTIFIER = NA.FoodDectectionUITests;
				PRODUCT_NAME = "$(TARGET_NAME)";
				SWIFT_EMIT_LOC_STRINGS = NO;
				SWIFT_VERSION = 5.0;
				TARGETED_DEVICE_FAMILY = "1,2";
				TEST_TARGET_NAME = FoodDectection;
			};
			name = Debug;
		};
		8AF1C16B2CD3C03B002C90D1 /* Release */ = {
			isa = XCBuildConfiguration;
			buildSettings = {
				CODE_SIGN_STYLE = Automatic;
				CURRENT_PROJECT_VERSION = 1;
				GENERATE_INFOPLIST_FILE = YES;
				MARKETING_VERSION = 1.0;
				PRODUCT_BUNDLE_IDENTIFIER = NA.FoodDectectionUITests;
				PRODUCT_NAME = "$(TARGET_NAME)";
				SWIFT_EMIT_LOC_STRINGS = NO;
				SWIFT_VERSION = 5.0;
				TARGETED_DEVICE_FAMILY = "1,2";
				TEST_TARGET_NAME = FoodDectection;
			};
			name = Release;
		};
/* End XCBuildConfiguration section */

/* Begin XCConfigurationList section */
		8AF1C13A2CD3C038002C90D1 /* Build configuration list for PBXProject "FoodDectection" */ = {
			isa = XCConfigurationList;
			buildConfigurations = (
				8AF1C1612CD3C03B002C90D1 /* Debug */,
				8AF1C1622CD3C03B002C90D1 /* Release */,
			);
			defaultConfigurationIsVisible = 0;
			defaultConfigurationName = Release;
		};
		8AF1C1632CD3C03B002C90D1 /* Build configuration list for PBXNativeTarget "FoodDectection" */ = {
			isa = XCConfigurationList;
			buildConfigurations = (
				8AF1C1642CD3C03B002C90D1 /* Debug */,
				8AF1C1652CD3C03B002C90D1 /* Release */,
			);
			defaultConfigurationIsVisible = 0;
			defaultConfigurationName = Release;
		};
		8AF1C1662CD3C03B002C90D1 /* Build configuration list for PBXNativeTarget "FoodDectectionTests" */ = {
			isa = XCConfigurationList;
			buildConfigurations = (
				8AF1C1672CD3C03B002C90D1 /* Debug */,
				8AF1C1682CD3C03B002C90D1 /* Release */,
			);
			defaultConfigurationIsVisible = 0;
			defaultConfigurationName = Release;
		};
		8AF1C1692CD3C03B002C90D1 /* Build configuration list for PBXNativeTarget "FoodDectectionUITests" */ = {
			isa = XCConfigurationList;
			buildConfigurations = (
				8AF1C16A2CD3C03B002C90D1 /* Debug */,
				8AF1C16B2CD3C03B002C90D1 /* Release */,
			);
			defaultConfigurationIsVisible = 0;
			defaultConfigurationName = Release;
		};
/* End XCConfigurationList section */
	};
	rootObject = 8AF1C1372CD3C038002C90D1 /* Project object */;
}
